<?xml version="1.0" encoding="utf-8"?>
<Project ToolsVersion="4.0" xmlns="http://schemas.microsoft.com/developer/msbuild/2003">
  <ItemGroup>
    <Filter Include="소스 파일">
      <UniqueIdentifier>{4FC737F1-C7A5-4376-A066-2A32D752A2FF}</UniqueIdentifier>
      <Extensions>cpp;c;cc;cxx;c++;cppm;ixx;def;odl;idl;hpj;bat;asm;asmx</Extensions>
    </Filter>
    <Filter Include="헤더 파일">
      <UniqueIdentifier>{93995380-89BD-4b04-88EB-625FBE52EBFB}</UniqueIdentifier>
      <Extensions>h;hh;hpp;hxx;h++;hm;inl;inc;ipp;xsd</Extensions>
    </Filter>
    <Filter Include="리소스 파일">
      <UniqueIdentifier>{67DA6AB6-F800-4c08-8B7A-83BB121AAD01}</UniqueIdentifier>
      <Extensions>rc;ico;cur;bmp;dlg;rc2;rct;bin;rgs;gif;jpg;jpeg;jpe;resx;tiff;tif;png;wav;mfcribbon-ms</Extensions>
    </Filter>
    <Filter Include="소스 파일\ex_over">
      <UniqueIdentifier>{2223bc6c-0e73-4942-8ba6-aaaadce53b2a}</UniqueIdentifier>
    </Filter>
    <Filter Include="소스 파일\session">
      <UniqueIdentifier>{6b38b62e-6948-4052-aa35-afb6b1041cd4}</UniqueIdentifier>
    </Filter>
    <Filter Include="소스 파일\room">
      <UniqueIdentifier>{132cba1e-3017-4607-b648-f2434f5f2ca2}</UniqueIdentifier>
    </Filter>
    <Filter Include="소스 파일\event">
      <UniqueIdentifier>{a00d821a-33da-4618-884f-f3f1ca04f744}</UniqueIdentifier>
    </Filter>
  </ItemGroup>
  <ItemGroup>
    <ClInclude Include="protocol.h">
      <Filter>헤더 파일</Filter>
    </ClInclude>
    <ClInclude Include="session.h">
      <Filter>소스 파일\session</Filter>
    </ClInclude>
    <ClInclude Include="ex_over.h">
      <Filter>소스 파일\ex_over</Filter>
    </ClInclude>
    <ClInclude Include="event.h">
      <Filter>소스 파일\event</Filter>
    </ClInclude>
    <ClInclude Include="net_header.h">
      <Filter>헤더 파일</Filter>
    </ClInclude>
    <ClInclude Include="room.h">
      <Filter>소스 파일\room</Filter>
    </ClInclude>
  </ItemGroup>
  <ItemGroup>
    <ClCompile Include="main.cpp">
      <Filter>소스 파일</Filter>
    </ClCompile>
    <ClCompile Include="session.cpp">
      <Filter>소스 파일\session</Filter>
    </ClCompile>
  </ItemGroup>
</Project>